
Microsoft Visual Studio Solution File, Format Version 12.00
# Visual Studio Version 17
VisualStudioVersion = 17.3.32901.215
MinimumVisualStudioVersion = 10.0.40219.1
Project("{FAE04EC0-301F-11D3-BF4B-00C04F79EFBC}") = "ProyectEF.UI", "ProyectEF\ProyectEF.UI.csproj", "{EC703284-9DD2-487F-80EE-661B2A1D4AC1}"
EndProject
Project("{FAE04EC0-301F-11D3-BF4B-00C04F79EFBC}") = "ProyectEF.Logic", "ProyectEF.Logic\ProyectEF.Logic.csproj", "{B8957B6E-622D-42B4-963A-216384805F3D}"
EndProject
Project("{FAE04EC0-301F-11D3-BF4B-00C04F79EFBC}") = "ProyectEF.Data", "ProyectEF.Data\ProyectEF.Data.csproj", "{4E27EB03-1FC9-486E-94C6-015A3E915CB9}"
EndProject
Project("{FAE04EC0-301F-11D3-BF4B-00C04F79EFBC}") = "ProyectEF.Entities", "ProyectEF.Entities\ProyectEF.Entities.csproj", "{369DBEA9-281C-447C-84C0-7E23F3B608FE}"
EndProject
Project("{FAE04EC0-301F-11D3-BF4B-00C04F79EFBC}") = "ProyectEF.Exceptions", "ProyectEF.Exception\ProyectEF.Exceptions.csproj", "{BFB1416C-125D-4636-AE8B-B40855A61556}"
EndProject
Project("{FAE04EC0-301F-11D3-BF4B-00C04F79EFBC}") = "ProyectEF.LogicTests", "ProyectEF.LogicTests\ProyectEF.LogicTests.csproj", "{DB88D24A-EFE1-4DAF-8116-881DA225F86B}"
EndProject
Project("{FAE04EC0-301F-11D3-BF4B-00C04F79EFBC}") = "ProyectEF.MVC", "ProyectEF.MVC\ProyectEF.MVC.csproj", "{BCBB492F-7710-4C4F-804A-FCCFC606A05C}"
EndProject
Project("{FAE04EC0-301F-11D3-BF4B-00C04F79EFBC}") = "ProyectEF.WebApi", "ProyectEF.WebApi\ProyectEF.WebApi.csproj", "{EE60B8DA-FA19-4D92-A5CE-FB862668F6CB}"
EndProject
Global
	GlobalSection(SolutionConfigurationPlatforms) = preSolution
		Debug|Any CPU = Debug|Any CPU
		Release|Any CPU = Release|Any CPU
	EndGlobalSection
	GlobalSection(ProjectConfigurationPlatforms) = postSolution
		{EC703284-9DD2-487F-80EE-661B2A1D4AC1}.Debug|Any CPU.ActiveCfg = Debug|Any CPU
		{EC703284-9DD2-487F-80EE-661B2A1D4AC1}.Debug|Any CPU.Build.0 = Debug|Any CPU
		{EC703284-9DD2-487F-80EE-661B2A1D4AC1}.Release|Any CPU.ActiveCfg = Release|Any CPU
		{EC703284-9DD2-487F-80EE-661B2A1D4AC1}.Release|Any CPU.Build.0 = Release|Any CPU
		{B8957B6E-622D-42B4-963A-216384805F3D}.Debug|Any CPU.ActiveCfg = Debug|Any CPU
		{B8957B6E-622D-42B4-963A-216384805F3D}.Debug|Any CPU.Build.0 = Debug|Any CPU
		{B8957B6E-622D-42B4-963A-216384805F3D}.Release|Any CPU.ActiveCfg = Release|Any CPU
		{B8957B6E-622D-42B4-963A-216384805F3D}.Release|Any CPU.Build.0 = Release|Any CPU
		{4E27EB03-1FC9-486E-94C6-015A3E915CB9}.Debug|Any CPU.ActiveCfg = Debug|Any CPU
		{4E27EB03-1FC9-486E-94C6-015A3E915CB9}.Debug|Any CPU.Build.0 = Debug|Any CPU
		{4E27EB03-1FC9-486E-94C6-015A3E915CB9}.Release|Any CPU.ActiveCfg = Release|Any CPU
		{4E27EB03-1FC9-486E-94C6-015A3E915CB9}.Release|Any CPU.Build.0 = Release|Any CPU
		{369DBEA9-281C-447C-84C0-7E23F3B608FE}.Debug|Any CPU.ActiveCfg = Debug|Any CPU
		{369DBEA9-281C-447C-84C0-7E23F3B608FE}.Debug|Any CPU.Build.0 = Debug|Any CPU
		{369DBEA9-281C-447C-84C0-7E23F3B608FE}.Release|Any CPU.ActiveCfg = Release|Any CPU
		{369DBEA9-281C-447C-84C0-7E23F3B608FE}.Release|Any CPU.Build.0 = Release|Any CPU
		{BFB1416C-125D-4636-AE8B-B40855A61556}.Debug|Any CPU.ActiveCfg = Debug|Any CPU
		{BFB1416C-125D-4636-AE8B-B40855A61556}.Debug|Any CPU.Build.0 = Debug|Any CPU
		{BFB1416C-125D-4636-AE8B-B40855A61556}.Release|Any CPU.ActiveCfg = Release|Any CPU
		{BFB1416C-125D-4636-AE8B-B40855A61556}.Release|Any CPU.Build.0 = Release|Any CPU
		{DB88D24A-EFE1-4DAF-8116-881DA225F86B}.Debug|Any CPU.ActiveCfg = Debug|Any CPU
		{DB88D24A-EFE1-4DAF-8116-881DA225F86B}.Debug|Any CPU.Build.0 = Debug|Any CPU
		{DB88D24A-EFE1-4DAF-8116-881DA225F86B}.Release|Any CPU.ActiveCfg = Release|Any CPU
		{DB88D24A-EFE1-4DAF-8116-881DA225F86B}.Release|Any CPU.Build.0 = Release|Any CPU
		{BCBB492F-7710-4C4F-804A-FCCFC606A05C}.Debug|Any CPU.ActiveCfg = Debug|Any CPU
		{BCBB492F-7710-4C4F-804A-FCCFC606A05C}.Debug|Any CPU.Build.0 = Debug|Any CPU
		{BCBB492F-7710-4C4F-804A-FCCFC606A05C}.Release|Any CPU.ActiveCfg = Release|Any CPU
		{BCBB492F-7710-4C4F-804A-FCCFC606A05C}.Release|Any CPU.Build.0 = Release|Any CPU
		{EE60B8DA-FA19-4D92-A5CE-FB862668F6CB}.Debug|Any CPU.ActiveCfg = Debug|Any CPU
		{EE60B8DA-FA19-4D92-A5CE-FB862668F6CB}.Debug|Any CPU.Build.0 = Debug|Any CPU
		{EE60B8DA-FA19-4D92-A5CE-FB862668F6CB}.Release|Any CPU.ActiveCfg = Release|Any CPU
		{EE60B8DA-FA19-4D92-A5CE-FB862668F6CB}.Release|Any CPU.Build.0 = Release|Any CPU
	EndGlobalSection
	GlobalSection(SolutionProperties) = preSolution
		HideSolutionNode = FALSE
	EndGlobalSection
	GlobalSection(ExtensibilityGlobals) = postSolution
		SolutionGuid = {7EB43FBA-CEE4-4332-8AEA-A8423D148F53}
	EndGlobalSection
EndGlobal
